
Microsoft Visual Studio Solution File, Format Version 12.00
# Visual Studio Version 16
VisualStudioVersion = 16.0.29326.143
MinimumVisualStudioVersion = 10.0.40219.1
Project("{8BC9CEB8-8B4A-11D0-8D11-00A0C91BC942}") = "Bomber Man GDADPRG", "Bomber Man GDADPRG\Bomber Man GDADPRG.vcxproj", "{A609607B-09D5-4F92-A66A-3ED4D9570262}"
EndProject
Global
	GlobalSection(SolutionConfigurationPlatforms) = preSolution
		Debug|x64 = Debug|x64
		Debug|x86 = Debug|x86
		Release|x64 = Release|x64
		Release|x86 = Release|x86
	EndGlobalSection
	GlobalSection(ProjectConfigurationPlatforms) = postSolution
		{A609607B-09D5-4F92-A66A-3ED4D9570262}.Debug|x64.ActiveCfg = Debug|x64
		{A609607B-09D5-4F92-A66A-3ED4D9570262}.Debug|x64.Build.0 = Debug|x64
		{A609607B-09D5-4F92-A66A-3ED4D9570262}.Debug|x86.ActiveCfg = Debug|Win32
		{A609607B-09D5-4F92-A66A-3ED4D9570262}.Debug|x86.Build.0 = Debug|Win32
		{A609607B-09D5-4F92-A66A-3ED4D9570262}.Release|x64.ActiveCfg = Release|x64
		{A609607B-09D5-4F92-A66A-3ED4D9570262}.Release|x64.Build.0 = Release|x64
		{A609607B-09D5-4F92-A66A-3ED4D9570262}.Release|x86.ActiveCfg = Release|Win32
		{A609607B-09D5-4F92-A66A-3ED4D9570262}.Release|x86.Build.0 = Release|Win32
	EndGlobalSection
	GlobalSection(SolutionProperties) = preSolution
		HideSolutionNode = FALSE
	EndGlobalSection
	GlobalSection(ExtensibilityGlobals) = postSolution
		SolutionGuid = {180DA48A-68AD-4885-85B5-2E6B74232B22}
	EndGlobalSection
EndGlobal
